<?xml version="1.0" encoding="utf-8"?>
<Project ToolsVersion="4.0" xmlns="http://schemas.microsoft.com/developer/msbuild/2003">
  <ItemGroup>
    <FxCompile Include="BasicPS.hlsl" />
    <FxCompile Include="BasicVS.hlsl" />
    <FxCompile Include="Resources\Shaders\ParticleVS.hlsl">
      <Filter>Resources</Filter>
    </FxCompile>
    <FxCompile Include="Resources\Shaders\ParticlePS.hlsl">
      <Filter>Resources</Filter>
    </FxCompile>
    <FxCompile Include="Resources\Shaders\ParticleGS.hlsl">
      <Filter>Resources</Filter>
    </FxCompile>
    <FxCompile Include="Resources\Shaders\OBJVertexShader.hlsl">
      <Filter>Resources</Filter>
    </FxCompile>
    <FxCompile Include="Resources\Shaders\OBJPixelShader.hlsl">
      <Filter>Resources</Filter>
    </FxCompile>
    <FxCompile Include="Resources\Shaders\OBJGeometryShader.hlsl">
      <Filter>Resources</Filter>
    </FxCompile>
    <FxCompile Include="Resources\Shaders\mpVertexShader.hlsl">
      <Filter>Resources</Filter>
    </FxCompile>
    <FxCompile Include="Resources\Shaders\mpPixelShader.hlsl">
      <Filter>Resources</Filter>
    </FxCompile>
    <FxCompile Include="Resources\Shaders\LIT_OBJVertexShader.hlsl">
      <Filter>Resources</Filter>
    </FxCompile>
    <FxCompile Include="Resources\Shaders\mpEffectPixelShader.hlsl">
      <Filter>Resources</Filter>
    </FxCompile>
    <FxCompile Include="Resources\Shaders\LIT_OBJPixelShader.hlsl">
      <Filter>Resources</Filter>
    </FxCompile>
    <FxCompile Include="SmartDrawGS.hlsl">
      <Filter>Resources</Filter>
    </FxCompile>
    <FxCompile Include="SmartDrawPS.hlsl">
      <Filter>Resources</Filter>
    </FxCompile>
    <FxCompile Include="SmartDrawVS.hlsl">
      <Filter>Resources</Filter>
    </FxCompile>
    <FxCompile Include="Resources\Shaders\SpriteGS.hlsl">
      <Filter>Resources</Filter>
    </FxCompile>
    <FxCompile Include="Resources\Shaders\SpriteLineGS.hlsl">
      <Filter>Resources</Filter>
    </FxCompile>
    <FxCompile Include="Resources\Shaders\SpritePS.hlsl">
      <Filter>Resources</Filter>
    </FxCompile>
    <FxCompile Include="Resources\Shaders\SpriteSepiaPS.hlsl">
      <Filter>Resources</Filter>
    </FxCompile>
    <FxCompile Include="Resources\Shaders\SpriteVS.hlsl">
      <Filter>Resources</Filter>
    </FxCompile>
    <FxCompile Include="Resources\Shaders\FBXVertexShader.hlsl">
      <Filter>Resources</Filter>
    </FxCompile>
    <FxCompile Include="Resources\Shaders\ShadowMapPS.hlsl">
      <Filter>Resources</Filter>
    </FxCompile>
    <FxCompile Include="Resources\Shaders\ShadowMapVS.hlsl">
      <Filter>Resources</Filter>
    </FxCompile>
    <FxCompile Include="Resources\Shaders\ShadowMapFbxVS.hlsl">
      <Filter>Resources</Filter>
    </FxCompile>
    <FxCompile Include="Resources\Shaders\DebugDrawPS.hlsl">
      <Filter>Resources</Filter>
    </FxCompile>
    <FxCompile Include="Resources\Shaders\DebugDrawVS.hlsl">
      <Filter>Resources</Filter>
    </FxCompile>
  </ItemGroup>
  <ItemGroup>
    <ClCompile Include="Raki_Camera.cpp" />
    <ClCompile Include="testParticle.cpp" />
    <ClCompile Include="Enemy.cpp">
      <Filter>Enemy</Filter>
    </ClCompile>
    <ClCompile Include="EnemyManager.cpp">
      <Filter>Enemy</Filter>
    </ClCompile>
    <ClCompile Include="GunEnemy.cpp">
      <Filter>Enemy</Filter>
    </ClCompile>
    <ClCompile Include="GunEnemyNodes.cpp">
      <Filter>Enemy</Filter>
    </ClCompile>
    <ClCompile Include="BaseScene.cpp">
      <Filter>Scene</Filter>
    </ClCompile>
    <ClCompile Include="GameScene.cpp">
      <Filter>Scene</Filter>
    </ClCompile>
    <ClCompile Include="Title.cpp">
      <Filter>Scene</Filter>
    </ClCompile>
    <ClCompile Include="SceneManager.cpp">
      <Filter>Enemy</Filter>
    </ClCompile>
    <ClCompile Include="SwordEnemyNodes.cpp">
      <Filter>Enemy</Filter>
    </ClCompile>
    <ClCompile Include="SwordEnemy.cpp">
      <Filter>Enemy</Filter>
    </ClCompile>
    <ClCompile Include="main.cpp">
      <Filter>Scene</Filter>
    </ClCompile>
    <ClCompile Include="BuildingObject.cpp">
      <Filter>Building</Filter>
    </ClCompile>
    <ClCompile Include="GroundObject.cpp">
      <Filter>Building</Filter>
    </ClCompile>
    <ClCompile Include="SkyBoxObject.cpp">
      <Filter>Building</Filter>
    </ClCompile>
    <ClCompile Include="ISceneChanger.cpp">
      <Filter>Scene</Filter>
    </ClCompile>
    <ClCompile Include="Player.cpp">
      <Filter>PlayerObject</Filter>
    </ClCompile>
    <ClCompile Include="Bullet.cpp">
      <Filter>PlayerObject</Filter>
    </ClCompile>
    <ClCompile Include="HandgunObject.cpp">
      <Filter>PlayerObject</Filter>
    </ClCompile>
    <ClCompile Include="Stage.cpp">
      <Filter>Building</Filter>
    </ClCompile>
    <ClCompile Include="WaveDirections.cpp" />
    <ClCompile Include="EnemyDefeatEffect.cpp">
      <Filter>Enemy</Filter>
    </ClCompile>
  </ItemGroup>
  <ItemGroup>
    <ClInclude Include="Raki_Camera.h" />
    <ClInclude Include="Task.h" />
    <ClInclude Include="testParticle.h" />
    <ClInclude Include="test_LayHitCheck.h" />
    <ClInclude Include="Enemy.h">
      <Filter>Enemy</Filter>
    </ClInclude>
    <ClInclude Include="EnemyManager.h">
      <Filter>Enemy</Filter>
    </ClInclude>
    <ClInclude Include="GunEnemy.h">
      <Filter>Enemy</Filter>
    </ClInclude>
    <ClInclude Include="GunEnemyNodes.h">
      <Filter>Enemy</Filter>
    </ClInclude>
    <ClInclude Include="BaseScene.h">
      <Filter>Scene</Filter>
    </ClInclude>
    <ClInclude Include="GameScene.h">
      <Filter>Scene</Filter>
    </ClInclude>
    <ClInclude Include="Title.h">
      <Filter>Scene</Filter>
    </ClInclude>
    <ClInclude Include="SceneManager.h">
      <Filter>Scene</Filter>
    </ClInclude>
    <ClInclude Include="SwordEnemyNodes.h">
      <Filter>Enemy</Filter>
    </ClInclude>
    <ClInclude Include="SwordEnemy.h">
      <Filter>Enemy</Filter>
    </ClInclude>
    <ClInclude Include="BuildingObject.h">
      <Filter>Building</Filter>
    </ClInclude>
    <ClInclude Include="GroundObject.h">
      <Filter>Building</Filter>
    </ClInclude>
    <ClInclude Include="SkyBoxObject.h">
      <Filter>Building</Filter>
    </ClInclude>
    <ClInclude Include="ISceneChanger.h">
      <Filter>Scene</Filter>
    </ClInclude>
    <ClInclude Include="Player.h">
      <Filter>PlayerObject</Filter>
    </ClInclude>
    <ClInclude Include="Bullet.h">
      <Filter>PlayerObject</Filter>
    </ClInclude>
    <ClInclude Include="HandgunObject.h">
      <Filter>PlayerObject</Filter>
    </ClInclude>
    <ClInclude Include="Stage.h">
      <Filter>Building</Filter>
    </ClInclude>
    <ClInclude Include="WaveDirections.h" />
    <ClInclude Include="EnemyDefeatEffect.h">
      <Filter>Enemy</Filter>
    </ClInclude>
  </ItemGroup>
  <ItemGroup>
    <Image Include="engine.ico" />
  </ItemGroup>
  <ItemGroup>
    <None Include="Basic.hlsli" />
    <None Include="Resources\Shaders\ParticleShaderHeader.hlsli">
      <Filter>Resources</Filter>
    </None>
    <None Include="Resources\Shaders\OBJShaderHeader.hlsli">
      <Filter>Resources</Filter>
    </None>
    <None Include="Resources\Shaders\mpShaderHeader.hlsli">
      <Filter>Resources</Filter>
    </None>
    <None Include="Resources\Shaders\LIT_OBJHeader.hlsli">
      <Filter>Resources</Filter>
    </None>
    <None Include="SmartDrawShaderHeader.hlsli">
      <Filter>Resources</Filter>
    </None>
    <None Include="Resources\Shaders\Sprite.hlsli">
      <Filter>Resources</Filter>
    </None>
    <None Include="Resources\Shaders\ShadowMapShaderHeader.hlsli">
      <Filter>Resources</Filter>
    </None>
    <None Include="Resources\Shaders\DebugDrawShaderHeader.hlsli">
      <Filter>Resources</Filter>
    </None>
  </ItemGroup>
  <ItemGroup>
    <Filter Include="Enemy">
      <UniqueIdentifier>{daf7e8ff-5d53-43a7-92ec-5f401fe53e32}</UniqueIdentifier>
    </Filter>
    <Filter Include="Scene">
      <UniqueIdentifier>{30cd9db9-542e-4864-a2ec-1bc2f3c41d2b}</UniqueIdentifier>
    </Filter>
    <Filter Include="Building">
      <UniqueIdentifier>{9eed2b1e-9648-4c7e-96c5-5b148e527b8d}</UniqueIdentifier>
    </Filter>
    <Filter Include="Resources">
      <UniqueIdentifier>{78874044-a6b2-4162-a5b0-df49c9aa5578}</UniqueIdentifier>
    </Filter>
    <Filter Include="PlayerObject">
      <UniqueIdentifier>{623514dc-9a07-4b9f-ad1a-46796edebc42}</UniqueIdentifier>
    </Filter>
  </ItemGroup>
</Project>